
Microsoft Visual Studio Solution File, Format Version 12.00
# Visual Studio Version 17
VisualStudioVersion = 17.6.33815.320
MinimumVisualStudioVersion = 10.0.40219.1
Project("{FAE04EC0-301F-11D3-BF4B-00C04F79EFBC}") = "Registration_Login", "Registration_Login.csproj", "{32380A71-9A0A-4A3A-95CE-DC7E91AAD3C7}"
EndProject
Global
	GlobalSection(SolutionConfigurationPlatforms) = preSolution
		Debug|Any CPU = Debug|Any CPU
		Release|Any CPU = Release|Any CPU
	EndGlobalSection
	GlobalSection(ProjectConfigurationPlatforms) = postSolution
		{32380A71-9A0A-4A3A-95CE-DC7E91AAD3C7}.Debug|Any CPU.ActiveCfg = Debug|Any CPU
		{32380A71-9A0A-4A3A-95CE-DC7E91AAD3C7}.Debug|Any CPU.Build.0 = Debug|Any CPU
		{32380A71-9A0A-4A3A-95CE-DC7E91AAD3C7}.Release|Any CPU.ActiveCfg = Release|Any CPU
		{32380A71-9A0A-4A3A-95CE-DC7E91AAD3C7}.Release|Any CPU.Build.0 = Release|Any CPU
	EndGlobalSection
	GlobalSection(SolutionProperties) = preSolution
		HideSolutionNode = FALSE
	EndGlobalSection
	GlobalSection(ExtensibilityGlobals) = postSolution
		SolutionGuid = {D87F69EA-8E87-479C-89FB-D7960F18E62C}
	EndGlobalSection
EndGlobal
